// !$*UTF8*$!
{
	archiveVersion = 1;
	classes = {
	};
	objectVersion = 46;
	objects = {

/* Begin PBXBuildFile section */
		1985BFA51E482C6B00A04312 /* AppDelegate.swift in Sources */ = {isa = PBXBuildFile; fileRef = 1985BFA41E482C6B00A04312 /* AppDelegate.swift */; };
		1985BFA71E482C6B00A04312 /* ViewController.swift in Sources */ = {isa = PBXBuildFile; fileRef = 1985BFA61E482C6B00A04312 /* ViewController.swift */; };
		1985BFAA1E482C6B00A04312 /* Main.storyboard in Resources */ = {isa = PBXBuildFile; fileRef = 1985BFA81E482C6B00A04312 /* Main.storyboard */; };
		1985BFAD1E482C6B00A04312 /* math.xcdatamodeld in Sources */ = {isa = PBXBuildFile; fileRef = 1985BFAB1E482C6B00A04312 /* math.xcdatamodeld */; };
		1985BFAF1E482C6B00A04312 /* Assets.xcassets in Resources */ = {isa = PBXBuildFile; fileRef = 1985BFAE1E482C6B00A04312 /* Assets.xcassets */; };
		1985BFB21E482C6B00A04312 /* LaunchScreen.storyboard in Resources */ = {isa = PBXBuildFile; fileRef = 1985BFB01E482C6B00A04312 /* LaunchScreen.storyboard */; };
/* End PBXBuildFile section */

/* Begin PBXFileReference section */
		1985BFA11E482C6B00A04312 /* math.app */ = {isa = PBXFileReference; explicitFileType = wrapper.application; includeInIndex = 0; path = math.app; sourceTree = BUILT_PRODUCTS_DIR; };
		1985BFA41E482C6B00A04312 /* AppDelegate.swift */ = {isa = PBXFileReference; lastKnownFileType = sourcecode.swift; path = AppDelegate.swift; sourceTree = "<group>"; };
		1985BFA61E482C6B00A04312 /* ViewController.swift */ = {isa = PBXFileReference; lastKnownFileType = sourcecode.swift; path = ViewController.swift; sourceTree = "<group>"; };
		1985BFA91E482C6B00A04312 /* Base */ = {isa = PBXFileReference; lastKnownFileType = file.storyboard; name = Base; path = Base.lproj/Main.storyboard; sourceTree = "<group>"; };
		1985BFAC1E482C6B00A04312 /* math.xcdatamodel */ = {isa = PBXFileReference; lastKnownFileType = wrapper.xcdatamodel; path = math.xcdatamodel; sourceTree = "<group>"; };
		1985BFAE1E482C6B00A04312 /* Assets.xcassets */ = {isa = PBXFileReference; lastKnownFileType = folder.assetcatalog; path = Assets.xcassets; sourceTree = "<group>"; };
		1985BFB11E482C6B00A04312 /* Base */ = {isa = PBXFileReference; lastKnownFileType = file.storyboard; name = Base; path = Base.lproj/LaunchScreen.storyboard; sourceTree = "<group>"; };
		1985BFB31E482C6B00A04312 /* Info.plist */ = {isa = PBXFileReference; lastKnownFileType = text.plist.xml; path = Info.plist; sourceTree = "<group>"; };
/* End PBXFileReference section */

/* Begin PBXFrameworksBuildPhase section */
		1985BF9E1E482C6B00A04312 /* Frameworks */ = {
			isa = PBXFrameworksBuildPhase;
			buildActionMask = 2147483647;
			files = (
			);
			runOnlyForDeploymentPostprocessing = 0;
		};
/* End PBXFrameworksBuildPhase section */

/* Begin PBXGroup section */
		1985BF981E482C6B00A04312 = {
			isa = PBXGroup;
			children = (
				1985BFA31E482C6B00A04312 /* math */,
				1985BFA21E482C6B00A04312 /* Products */,
			);
			sourceTree = "<group>";
		};
		1985BFA21E482C6B00A04312 /* Products */ = {
			isa = PBXGroup;
			children = (
				1985BFA11E482C6B00A04312 /* math.app */,
			);
			name = Products;
			sourceTree = "<group>";
		};
		1985BFA31E482C6B00A04312 /* math */ = {
			isa = PBXGroup;
			children = (
				1985BFA41E482C6B00A04312 /* AppDelegate.swift */,
				1985BFA61E482C6B00A04312 /* ViewController.swift */,
				1985BFA81E482C6B00A04312 /* Main.storyboard */,
				1985BFAE1E482C6B00A04312 /* Assets.xcassets */,
				1985BFB01E482C6B00A04312 /* LaunchScreen.storyboard */,
				1985BFB31E482C6B00A04312 /* Info.plist */,
				1985BFAB1E482C6B00A04312 /* math.xcdatamodeld */,
			);
			path = math;
			sourceTree = "<group>";
		};
/* End PBXGroup section */

/* Begin PBXNativeTarget section */
		1985BFA01E482C6B00A04312 /* math */ = {
			isa = PBXNativeTarget;
			buildConfigurationList = 1985BFB61E482C6B00A04312 /* Build configuration list for PBXNativeTarget "math" */;
			buildPhases = (
				1985BF9D1E482C6B00A04312 /* Sources */,
				1985BF9E1E482C6B00A04312 /* Frameworks */,
				1985BF9F1E482C6B00A04312 /* Resources */,
			);
			buildRules = (
			);
			dependencies = (
			);
			name = math;
			productName = math;
			productReference = 1985BFA11E482C6B00A04312 /* math.app */;
			productType = "com.apple.product-type.application";
		};
/* End PBXNativeTarget section */

/* Begin PBXProject section */
		1985BF991E482C6B00A04312 /* Project object */ = {
			isa = PBXProject;
			attributes = {
				LastSwiftUpdateCheck = 0820;
				LastUpgradeCheck = 0820;
				ORGANIZATIONNAME = LocTran;
				TargetAttributes = {
					1985BFA01E482C6B00A04312 = {
						CreatedOnToolsVersion = 8.2.1;
						ProvisioningStyle = Automatic;
					};
				};
			};
			buildConfigurationList = 1985BF9C1E482C6B00A04312 /* Build configuration list for PBXProject "math" */;
			compatibilityVersion = "Xcode 3.2";
			developmentRegion = English;
			hasScannedForEncodings = 0;
			knownRegions = (
				en,
				Base,
			);
			mainGroup = 1985BF981E482C6B00A04312;
			productRefGroup = 1985BFA21E482C6B00A04312 /* Products */;
			projectDirPath = "";
			projectRoot = "";
			targets = (
				1985BFA01E482C6B00A04312 /* math */,
			);
		};
/* End PBXProject section */

/* Begin PBXResourcesBuildPhase section */
		1985BF9F1E482C6B00A04312 /* Resources */ = {
			isa = PBXResourcesBuildPhase;
			buildActionMask = 2147483647;
			files = (
				1985BFB21E482C6B00A04312 /* LaunchScreen.storyboard in Resources */,
				1985BFAF1E482C6B00A04312 /* Assets.xcassets in Resources */,
				1985BFAA1E482C6B00A04312 /* Main.storyboard in Resources */,
			);
			runOnlyForDeploymentPostprocessing = 0;
		};
/* End PBXResourcesBuildPhase section */

/* Begin PBXSourcesBuildPhase section */
		1985BF9D1E482C6B00A04312 /* Sources */ = {
			isa = PBXSourcesBuildPhase;
			buildActionMask = 2147483647;
			files = (
				1985BFA71E482C6B00A04312 /* ViewController.swift in Sources */,
				1985BFA51E482C6B00A04312 /* AppDelegate.swift in Sources */,
				1985BFAD1E482C6B00A04312 /* math.xcdatamodeld in Sources */,
			);
			runOnlyForDeploymentPostprocessing = 0;
		};
/* End PBXSourcesBuildPhase section */

/* Begin PBXVariantGroup section */
		1985BFA81E482C6B00A04312 /* Main.storyboard */ = {
			isa = PBXVariantGroup;
			children = (
				1985BFA91E482C6B00A04312 /* Base */,
			);
			name = Main.storyboard;
			sourceTree = "<group>";
		};
		1985BFB01E482C6B00A04312 /* LaunchScreen.storyboard */ = {
			isa = PBXVariantGroup;
			children = (
				1985BFB11E482C6B00A04312 /* Base */,
			);
			name = LaunchScreen.storyboard;
			sourceTree = "<group>";
		};
/* End PBXVariantGroup section */

/* Begin XCBuildConfiguration section */
		1985BFB41E482C6B00A04312 /* Debug */ = {
			isa = XCBuildConfiguration;
			buildSettings = {
				ALWAYS_SEARCH_USER_PATHS = NO;
				CLANG_ANALYZER_NONNULL = YES;
				CLANG_CXX_LANGUAGE_STANDARD = "gnu++0x";
				CLANG_CXX_LIBRARY = "libc++";
				CLANG_ENABLE_MODULES = YES;
				CLANG_ENABLE_OBJC_ARC = YES;
				CLANG_WARN_BOOL_CONVERSION = YES;
				CLANG_WARN_CONSTANT_CONVERSION = YES;
				CLANG_WARN_DIRECT_OBJC_ISA_USAGE = YES_ERROR;
				CLANG_WARN_DOCUMENTATION_COMMENTS = YES;
				CLANG_WARN_EMPTY_BODY = YES;
				CLANG_WARN_ENUM_CONVERSION = YES;
				CLANG_WARN_INFINITE_RECURSION = YES;
				CLANG_WARN_INT_CONVERSION = YES;
				CLANG_WARN_OBJC_ROOT_CLASS = YES_ERROR;
				CLANG_WARN_SUSPICIOUS_MOVE = YES;
				CLANG_WARN_UNREACHABLE_CODE = YES;
				CLANG_WARN__DUPLICATE_METHOD_MATCH = YES;
				"CODE_SIGN_IDENTITY[sdk=iphoneos*]" = "iPhone Developer";
				COPY_PHASE_STRIP = NO;
				DEBUG_INFORMATION_FORMAT = dwarf;
				ENABLE_STRICT_OBJC_MSGSEND = YES;
				ENABLE_TESTABILITY = YES;
				GCC_C_LANGUAGE_STANDARD = gnu99;
				GCC_DYNAMIC_NO_PIC = NO;
				GCC_NO_COMMON_BLOCKS = YES;
				GCC_OPTIMIZATION_LEVEL = 0;
				GCC_PREPROCESSOR_DEFINITIONS = (
					"DEBUG=1",
					"$(inherited)",
				);
				GCC_WARN_64_TO_32_BIT_CONVERSION = YES;
				GCC_WARN_ABOUT_RETURN_TYPE = YES_ERROR;
				GCC_WARN_UNDECLARED_SELECTOR = YES;
				GCC_WARN_UNINITIALIZED_AUTOS = YES_AGGRESSIVE;
				GCC_WARN_UNUSED_FUNCTION = YES;
				GCC_WARN_UNUSED_VARIABLE = YES;
				IPHONEOS_DEPLOYMENT_TARGET = 10.2;
				MTL_ENABLE_DEBUG_INFO = YES;
				ONLY_ACTIVE_ARCH = YES;
				SDKROOT = iphoneos;
				SWIFT_ACTIVE_COMPILATION_CONDITIONS = DEBUG;
				SWIFT_OPTIMIZATION_LEVEL = "-Onone";
				TARGETED_DEVICE_FAMILY = "1,2";
			};
			name = Debug;
		};
		1985BFB51E482C6B00A04312 /* Release */ = {
			isa = XCBuildConfiguration;
			buildSettings = {
				ALWAYS_SEARCH_USER_PATHS = NO;
				CLANG_ANALYZER_NONNULL = YES;
				CLANG_CXX_LANGUAGE_STANDARD = "gnu++0x";
				CLANG_CXX_LIBRARY = "libc++";
				CLANG_ENABLE_MODULES = YES;
				CLANG_ENABLE_OBJC_ARC = YES;
				CLANG_WARN_BOOL_CONVERSION = YES;
				CLANG_WARN_CONSTANT_CONVERSION = YES;
				CLANG_WARN_DIRECT_OBJC_ISA_USAGE = YES_ERROR;
				CLANG_WARN_DOCUMENTATION_COMMENTS = YES;
				CLANG_WARN_EMPTY_BODY = YES;
				CLANG_WARN_ENUM_CONVERSION = YES;
				CLANG_WARN_INFINITE_RECURSION = YES;
				CLANG_WARN_INT_CONVERSION = YES;
				CLANG_WARN_OBJC_ROOT_CLASS = YES_ERROR;
				CLANG_WARN_SUSPICIOUS_MOVE = YES;
				CLANG_WARN_UNREACHABLE_CODE = YES;
				CLANG_WARN__DUPLICATE_METHOD_MATCH = YES;
				"CODE_SIGN_IDENTITY[sdk=iphoneos*]" = "iPhone Developer";
				COPY_PHASE_STRIP = NO;
				DEBUG_INFORMATION_FORMAT = "dwarf-with-dsym";
				ENABLE_NS_ASSERTIONS = NO;
				ENABLE_STRICT_OBJC_MSGSEND = YES;
				GCC_C_LANGUAGE_STANDARD = gnu99;
				GCC_NO_COMMON_BLOCKS = YES;
				GCC_WARN_64_TO_32_BIT_CONVERSION = YES;
				GCC_WARN_ABOUT_RETURN_TYPE = YES_ERROR;
				GCC_WARN_UNDECLARED_SELECTOR = YES;
				GCC_WARN_UNINITIALIZED_AUTOS = YES_AGGRESSIVE;
				GCC_WARN_UNUSED_FUNCTION = YES;
				GCC_WARN_UNUSED_VARIABLE = YES;
				IPHONEOS_DEPLOYMENT_TARGET = 10.2;
				MTL_ENABLE_DEBUG_INFO = NO;
				SDKROOT = iphoneos;
				SWIFT_OPTIMIZATION_LEVEL = "-Owholemodule";
				TARGETED_DEVICE_FAMILY = "1,2";
				VALIDATE_PRODUCT = YES;
			};
			name = Release;
		};
		1985BFB71E482C6B00A04312 /* Debug */ = {
			isa = XCBuildConfiguration;
			buildSettings = {
				ASSETCATALOG_COMPILER_APPICON_NAME = AppIcon;
				INFOPLIST_FILE = math/Info.plist;
				LD_RUNPATH_SEARCH_PATHS = "$(inherited) @executable_path/Frameworks";
				PRODUCT_BUNDLE_IDENTIFIER = com.LocTran.math;
				PRODUCT_NAME = "$(TARGET_NAME)";
				SWIFT_VERSION = 3.0;
			};
			name = Debug;
		};
		1985BFB81E482C6B00A04312 /* Release */ = {
			isa = XCBuildConfiguration;
			buildSettings = {
				ASSETCATALOG_COMPILER_APPICON_NAME = AppIcon;
				INFOPLIST_FILE = math/Info.plist;
				LD_RUNPATH_SEARCH_PATHS = "$(inherited) @executable_path/Frameworks";
				PRODUCT_BUNDLE_IDENTIFIER = com.LocTran.math;
				PRODUCT_NAME = "$(TARGET_NAME)";
				SWIFT_VERSION = 3.0;
			};
			name = Release;
		};
/* End XCBuildConfiguration section */

/* Begin XCConfigurationList section */
		1985BF9C1E482C6B00A04312 /* Build configuration list for PBXProject "math" */ = {
			isa = XCConfigurationList;
			buildConfigurations = (
				1985BFB41E482C6B00A04312 /* Debug */,
				1985BFB51E482C6B00A04312 /* Release */,
			);
			defaultConfigurationIsVisible = 0;
			defaultConfigurationName = Release;
		};
		1985BFB61E482C6B00A04312 /* Build configuration list for PBXNativeTarget "math" */ = {
			isa = XCConfigurationList;
			buildConfigurations = (
				1985BFB71E482C6B00A04312 /* Debug */,
				1985BFB81E482C6B00A04312 /* Release */,
			);
			defaultConfigurationIsVisible = 0;
		};
/* End XCConfigurationList section */

/* Begin XCVersionGroup section */
		1985BFAB1E482C6B00A04312 /* math.xcdatamodeld */ = {
			isa = XCVersionGroup;
			children = (
				1985BFAC1E482C6B00A04312 /* math.xcdatamodel */,
			);
			currentVersion = 1985BFAC1E482C6B00A04312 /* math.xcdatamodel */;
			path = math.xcdatamodeld;
			sourceTree = "<group>";
			versionGroupType = wrapper.xcdatamodel;
		};
/* End XCVersionGroup section */
	};
	rootObject = 1985BF991E482C6B00A04312 /* Project object */;
}
